
Microsoft Visual Studio Solution File, Format Version 12.00
# Visual Studio Version 17
VisualStudioVersion = 17.9.34616.47
MinimumVisualStudioVersion = 10.0.40219.1
Project("{9A19103F-16F7-4668-BE54-9A1E7A4F7556}") = "2sem lab4", "2sem lab4.csproj", "{A9973732-50F4-45E8-89F6-6F7D91945228}"
EndProject
Project("{FAE04EC0-301F-11D3-BF4B-00C04F79EFBC}") = "2sem lab4.2", "..\2sem lab4.2\2sem lab4.2.csproj", "{5F665E8F-5C98-4D88-B8AC-0D3ACD6D3EAC}"
EndProject
Global
	GlobalSection(SolutionConfigurationPlatforms) = preSolution
		Debug|Any CPU = Debug|Any CPU
		Release|Any CPU = Release|Any CPU
	EndGlobalSection
	GlobalSection(ProjectConfigurationPlatforms) = postSolution
		{A9973732-50F4-45E8-89F6-6F7D91945228}.Debug|Any CPU.ActiveCfg = Debug|Any CPU
		{A9973732-50F4-45E8-89F6-6F7D91945228}.Debug|Any CPU.Build.0 = Debug|Any CPU
		{A9973732-50F4-45E8-89F6-6F7D91945228}.Release|Any CPU.ActiveCfg = Release|Any CPU
		{A9973732-50F4-45E8-89F6-6F7D91945228}.Release|Any CPU.Build.0 = Release|Any CPU
		{5F665E8F-5C98-4D88-B8AC-0D3ACD6D3EAC}.Debug|Any CPU.ActiveCfg = Debug|Any CPU
		{5F665E8F-5C98-4D88-B8AC-0D3ACD6D3EAC}.Debug|Any CPU.Build.0 = Debug|Any CPU
		{5F665E8F-5C98-4D88-B8AC-0D3ACD6D3EAC}.Release|Any CPU.ActiveCfg = Release|Any CPU
		{5F665E8F-5C98-4D88-B8AC-0D3ACD6D3EAC}.Release|Any CPU.Build.0 = Release|Any CPU
	EndGlobalSection
	GlobalSection(SolutionProperties) = preSolution
		HideSolutionNode = FALSE
	EndGlobalSection
	GlobalSection(ExtensibilityGlobals) = postSolution
		SolutionGuid = {F597B65B-A56F-471D-8036-0FE58448113F}
	EndGlobalSection
EndGlobal
